
Microsoft Visual Studio Solution File, Format Version 12.00
# Visual Studio Version 16
VisualStudioVersion = 16.0.28803.452
MinimumVisualStudioVersion = 10.0.40219.1
Project("{FAE04EC0-301F-11D3-BF4B-00C04F79EFBC}") = "HTTPProxyTest", "HTTPProxyTest.csproj", "{82C823B8-BE8B-4112-B224-06B861F4F448}"
EndProject
Global
	GlobalSection(SolutionConfigurationPlatforms) = preSolution
		Debug|Any CPU = Debug|Any CPU
		Release|Any CPU = Release|Any CPU
	EndGlobalSection
	GlobalSection(ProjectConfigurationPlatforms) = postSolution
		{82C823B8-BE8B-4112-B224-06B861F4F448}.Debug|Any CPU.ActiveCfg = Debug|Any CPU
		{82C823B8-BE8B-4112-B224-06B861F4F448}.Debug|Any CPU.Build.0 = Debug|Any CPU
		{82C823B8-BE8B-4112-B224-06B861F4F448}.Release|Any CPU.ActiveCfg = Release|Any CPU
		{82C823B8-BE8B-4112-B224-06B861F4F448}.Release|Any CPU.Build.0 = Release|Any CPU
	EndGlobalSection
	GlobalSection(SolutionProperties) = preSolution
		HideSolutionNode = FALSE
	EndGlobalSection
	GlobalSection(ExtensibilityGlobals) = postSolution
		SolutionGuid = {D76D7A82-7AD3-49EC-BC5C-0947C50ADCCA}
	EndGlobalSection
EndGlobal
